// !$*UTF8*$!
{
	archiveVersion = 1;
	classes = {
	};
	objectVersion = 46;
	objects = {

/* Begin PBXBuildFile section */
		65A8421E1D6FC7F700800A06 /* AppDelegate.swift in Sources */ = {isa = PBXBuildFile; fileRef = 65A8421D1D6FC7F700800A06 /* AppDelegate.swift */; };
		65A842201D6FC7F700800A06 /* ViewController.swift in Sources */ = {isa = PBXBuildFile; fileRef = 65A8421F1D6FC7F700800A06 /* ViewController.swift */; };
		65A842231D6FC7F700800A06 /* Main.storyboard in Resources */ = {isa = PBXBuildFile; fileRef = 65A842211D6FC7F700800A06 /* Main.storyboard */; };
		65A842251D6FC7F700800A06 /* Assets.xcassets in Resources */ = {isa = PBXBuildFile; fileRef = 65A842241D6FC7F700800A06 /* Assets.xcassets */; };
		65A842281D6FC7F700800A06 /* LaunchScreen.storyboard in Resources */ = {isa = PBXBuildFile; fileRef = 65A842261D6FC7F700800A06 /* LaunchScreen.storyboard */; };
/* End PBXBuildFile section */

/* Begin PBXFileReference section */
		65A8421A1D6FC7F700800A06 /* YesOrNo.app */ = {isa = PBXFileReference; explicitFileType = wrapper.application; includeInIndex = 0; path = YesOrNo.app; sourceTree = BUILT_PRODUCTS_DIR; };
		65A8421D1D6FC7F700800A06 /* AppDelegate.swift */ = {isa = PBXFileReference; lastKnownFileType = sourcecode.swift; path = AppDelegate.swift; sourceTree = "<group>"; };
		65A8421F1D6FC7F700800A06 /* ViewController.swift */ = {isa = PBXFileReference; lastKnownFileType = sourcecode.swift; path = ViewController.swift; sourceTree = "<group>"; };
		65A842221D6FC7F700800A06 /* Base */ = {isa = PBXFileReference; lastKnownFileType = file.storyboard; name = Base; path = Base.lproj/Main.storyboard; sourceTree = "<group>"; };
		65A842241D6FC7F700800A06 /* Assets.xcassets */ = {isa = PBXFileReference; lastKnownFileType = folder.assetcatalog; path = Assets.xcassets; sourceTree = "<group>"; };
		65A842271D6FC7F700800A06 /* Base */ = {isa = PBXFileReference; lastKnownFileType = file.storyboard; name = Base; path = Base.lproj/LaunchScreen.storyboard; sourceTree = "<group>"; };
		65A842291D6FC7F700800A06 /* Info.plist */ = {isa = PBXFileReference; lastKnownFileType = text.plist.xml; path = Info.plist; sourceTree = "<group>"; };
/* End PBXFileReference section */

/* Begin PBXFrameworksBuildPhase section */
		65A842171D6FC7F700800A06 /* Frameworks */ = {
			isa = PBXFrameworksBuildPhase;
			buildActionMask = 2147483647;
			files = (
			);
			runOnlyForDeploymentPostprocessing = 0;
		};
/* End PBXFrameworksBuildPhase section */

/* Begin PBXGroup section */
		65A842111D6FC7F700800A06 = {
			isa = PBXGroup;
			children = (
				65A8421C1D6FC7F700800A06 /* YesOrNo */,
				65A8421B1D6FC7F700800A06 /* Products */,
			);
			sourceTree = "<group>";
		};
		65A8421B1D6FC7F700800A06 /* Products */ = {
			isa = PBXGroup;
			children = (
				65A8421A1D6FC7F700800A06 /* YesOrNo.app */,
			);
			name = Products;
			sourceTree = "<group>";
		};
		65A8421C1D6FC7F700800A06 /* YesOrNo */ = {
			isa = PBXGroup;
			children = (
				65A8421D1D6FC7F700800A06 /* AppDelegate.swift */,
				65A8421F1D6FC7F700800A06 /* ViewController.swift */,
				65A842211D6FC7F700800A06 /* Main.storyboard */,
				65A842241D6FC7F700800A06 /* Assets.xcassets */,
				65A842261D6FC7F700800A06 /* LaunchScreen.storyboard */,
				65A842291D6FC7F700800A06 /* Info.plist */,
			);
			path = YesOrNo;
			sourceTree = "<group>";
		};
/* End PBXGroup section */

/* Begin PBXNativeTarget section */
		65A842191D6FC7F700800A06 /* YesOrNo */ = {
			isa = PBXNativeTarget;
			buildConfigurationList = 65A8422C1D6FC7F700800A06 /* Build configuration list for PBXNativeTarget "YesOrNo" */;
			buildPhases = (
				65A842161D6FC7F700800A06 /* Sources */,
				65A842171D6FC7F700800A06 /* Frameworks */,
				65A842181D6FC7F700800A06 /* Resources */,
			);
			buildRules = (
			);
			dependencies = (
			);
			name = YesOrNo;
			productName = YesOrNo;
			productReference = 65A8421A1D6FC7F700800A06 /* YesOrNo.app */;
			productType = "com.apple.product-type.application";
		};
/* End PBXNativeTarget section */

/* Begin PBXProject section */
		65A842121D6FC7F700800A06 /* Project object */ = {
			isa = PBXProject;
			attributes = {
				LastSwiftUpdateCheck = 0730;
				LastUpgradeCheck = 0730;
				ORGANIZATIONNAME = "Chester Lam";
				TargetAttributes = {
					65A842191D6FC7F700800A06 = {
						CreatedOnToolsVersion = 7.3.1;
						DevelopmentTeam = Y35CSFF2GW;
					};
				};
			};
			buildConfigurationList = 65A842151D6FC7F700800A06 /* Build configuration list for PBXProject "YesOrNo" */;
			compatibilityVersion = "Xcode 3.2";
			developmentRegion = English;
			hasScannedForEncodings = 0;
			knownRegions = (
				en,
				Base,
			);
			mainGroup = 65A842111D6FC7F700800A06;
			productRefGroup = 65A8421B1D6FC7F700800A06 /* Products */;
			projectDirPath = "";
			projectRoot = "";
			targets = (
				65A842191D6FC7F700800A06 /* YesOrNo */,
			);
		};
/* End PBXProject section */

/* Begin PBXResourcesBuildPhase section */
		65A842181D6FC7F700800A06 /* Resources */ = {
			isa = PBXResourcesBuildPhase;
			buildActionMask = 2147483647;
			files = (
				65A842281D6FC7F700800A06 /* LaunchScreen.storyboard in Resources */,
				65A842251D6FC7F700800A06 /* Assets.xcassets in Resources */,
				65A842231D6FC7F700800A06 /* Main.storyboard in Resources */,
			);
			runOnlyForDeploymentPostprocessing = 0;
		};
/* End PBXResourcesBuildPhase section */

/* Begin PBXSourcesBuildPhase section */
		65A842161D6FC7F700800A06 /* Sources */ = {
			isa = PBXSourcesBuildPhase;
			buildActionMask = 2147483647;
			files = (
				65A842201D6FC7F700800A06 /* ViewController.swift in Sources */,
				65A8421E1D6FC7F700800A06 /* AppDelegate.swift in Sources */,
			);
			runOnlyForDeploymentPostprocessing = 0;
		};
/* End PBXSourcesBuildPhase section */

/* Begin PBXVariantGroup section */
		65A842211D6FC7F700800A06 /* Main.storyboard */ = {
			isa = PBXVariantGroup;
			children = (
				65A842221D6FC7F700800A06 /* Base */,
			);
			name = Main.storyboard;
			sourceTree = "<group>";
		};
		65A842261D6FC7F700800A06 /* LaunchScreen.storyboard */ = {
			isa = PBXVariantGroup;
			children = (
				65A842271D6FC7F700800A06 /* Base */,
			);
			name = LaunchScreen.storyboard;
			sourceTree = "<group>";
		};
/* End PBXVariantGroup section */

/* Begin XCBuildConfiguration section */
		65A8422A1D6FC7F700800A06 /* Debug */ = {
			isa = XCBuildConfiguration;
			buildSettings = {
				ALWAYS_SEARCH_USER_PATHS = NO;
				CLANG_ANALYZER_NONNULL = YES;
				CLANG_CXX_LANGUAGE_STANDARD = "gnu++0x";
				CLANG_CXX_LIBRARY = "libc++";
				CLANG_ENABLE_MODULES = YES;
				CLANG_ENABLE_OBJC_ARC = YES;
				CLANG_WARN_BOOL_CONVERSION = YES;
				CLANG_WARN_CONSTANT_CONVERSION = YES;
				CLANG_WARN_DIRECT_OBJC_ISA_USAGE = YES_ERROR;
				CLANG_WARN_EMPTY_BODY = YES;
				CLANG_WARN_ENUM_CONVERSION = YES;
				CLANG_WARN_INT_CONVERSION = YES;
				CLANG_WARN_OBJC_ROOT_CLASS = YES_ERROR;
				CLANG_WARN_UNREACHABLE_CODE = YES;
				CLANG_WARN__DUPLICATE_METHOD_MATCH = YES;
				"CODE_SIGN_IDENTITY[sdk=iphoneos*]" = "iPhone Developer";
				COPY_PHASE_STRIP = NO;
				DEBUG_INFORMATION_FORMAT = dwarf;
				ENABLE_STRICT_OBJC_MSGSEND = YES;
				ENABLE_TESTABILITY = YES;
				GCC_C_LANGUAGE_STANDARD = gnu99;
				GCC_DYNAMIC_NO_PIC = NO;
				GCC_NO_COMMON_BLOCKS = YES;
				GCC_OPTIMIZATION_LEVEL = 0;
				GCC_PREPROCESSOR_DEFINITIONS = (
					"DEBUG=1",
					"$(inherited)",
				);
				GCC_WARN_64_TO_32_BIT_CONVERSION = YES;
				GCC_WARN_ABOUT_RETURN_TYPE = YES_ERROR;
				GCC_WARN_UNDECLARED_SELECTOR = YES;
				GCC_WARN_UNINITIALIZED_AUTOS = YES_AGGRESSIVE;
				GCC_WARN_UNUSED_FUNCTION = YES;
				GCC_WARN_UNUSED_VARIABLE = YES;
				IPHONEOS_DEPLOYMENT_TARGET = 9.3;
				MTL_ENABLE_DEBUG_INFO = YES;
				ONLY_ACTIVE_ARCH = YES;
				SDKROOT = iphoneos;
				SWIFT_OPTIMIZATION_LEVEL = "-Onone";
			};
			name = Debug;
		};
		65A8422B1D6FC7F700800A06 /* Release */ = {
			isa = XCBuildConfiguration;
			buildSettings = {
				ALWAYS_SEARCH_USER_PATHS = NO;
				CLANG_ANALYZER_NONNULL = YES;
				CLANG_CXX_LANGUAGE_STANDARD = "gnu++0x";
				CLANG_CXX_LIBRARY = "libc++";
				CLANG_ENABLE_MODULES = YES;
				CLANG_ENABLE_OBJC_ARC = YES;
				CLANG_WARN_BOOL_CONVERSION = YES;
				CLANG_WARN_CONSTANT_CONVERSION = YES;
				CLANG_WARN_DIRECT_OBJC_ISA_USAGE = YES_ERROR;
				CLANG_WARN_EMPTY_BODY = YES;
				CLANG_WARN_ENUM_CONVERSION = YES;
				CLANG_WARN_INT_CONVERSION = YES;
				CLANG_WARN_OBJC_ROOT_CLASS = YES_ERROR;
				CLANG_WARN_UNREACHABLE_CODE = YES;
				CLANG_WARN__DUPLICATE_METHOD_MATCH = YES;
				"CODE_SIGN_IDENTITY[sdk=iphoneos*]" = "iPhone Developer";
				COPY_PHASE_STRIP = NO;
				DEBUG_INFORMATION_FORMAT = "dwarf-with-dsym";
				ENABLE_NS_ASSERTIONS = NO;
				ENABLE_STRICT_OBJC_MSGSEND = YES;
				GCC_C_LANGUAGE_STANDARD = gnu99;
				GCC_NO_COMMON_BLOCKS = YES;
				GCC_WARN_64_TO_32_BIT_CONVERSION = YES;
				GCC_WARN_ABOUT_RETURN_TYPE = YES_ERROR;
				GCC_WARN_UNDECLARED_SELECTOR = YES;
				GCC_WARN_UNINITIALIZED_AUTOS = YES_AGGRESSIVE;
				GCC_WARN_UNUSED_FUNCTION = YES;
				GCC_WARN_UNUSED_VARIABLE = YES;
				IPHONEOS_DEPLOYMENT_TARGET = 9.3;
				MTL_ENABLE_DEBUG_INFO = NO;
				SDKROOT = iphoneos;
				VALIDATE_PRODUCT = YES;
			};
			name = Release;
		};
		65A8422D1D6FC7F700800A06 /* Debug */ = {
			isa = XCBuildConfiguration;
			buildSettings = {
				ASSETCATALOG_COMPILER_APPICON_NAME = AppIcon;
				CODE_SIGN_IDENTITY = "iPhone Developer";
				"CODE_SIGN_IDENTITY[sdk=iphoneos*]" = "iPhone Developer";
				INFOPLIST_FILE = YesOrNo/Info.plist;
				LD_RUNPATH_SEARCH_PATHS = "$(inherited) @executable_path/Frameworks";
				PRODUCT_BUNDLE_IDENTIFIER = com.cklam.YesOrNo;
				PRODUCT_NAME = "$(TARGET_NAME)";
				PROVISIONING_PROFILE = "";
			};
			name = Debug;
		};
		65A8422E1D6FC7F700800A06 /* Release */ = {
			isa = XCBuildConfiguration;
			buildSettings = {
				ASSETCATALOG_COMPILER_APPICON_NAME = AppIcon;
				CODE_SIGN_IDENTITY = "iPhone Developer";
				"CODE_SIGN_IDENTITY[sdk=iphoneos*]" = "iPhone Developer";
				INFOPLIST_FILE = YesOrNo/Info.plist;
				LD_RUNPATH_SEARCH_PATHS = "$(inherited) @executable_path/Frameworks";
				PRODUCT_BUNDLE_IDENTIFIER = com.cklam.YesOrNo;
				PRODUCT_NAME = "$(TARGET_NAME)";
				PROVISIONING_PROFILE = "";
			};
			name = Release;
		};
/* End XCBuildConfiguration section */

/* Begin XCConfigurationList section */
		65A842151D6FC7F700800A06 /* Build configuration list for PBXProject "YesOrNo" */ = {
			isa = XCConfigurationList;
			buildConfigurations = (
				65A8422A1D6FC7F700800A06 /* Debug */,
				65A8422B1D6FC7F700800A06 /* Release */,
			);
			defaultConfigurationIsVisible = 0;
			defaultConfigurationName = Release;
		};
		65A8422C1D6FC7F700800A06 /* Build configuration list for PBXNativeTarget "YesOrNo" */ = {
			isa = XCConfigurationList;
			buildConfigurations = (
				65A8422D1D6FC7F700800A06 /* Debug */,
				65A8422E1D6FC7F700800A06 /* Release */,
			);
			defaultConfigurationIsVisible = 0;
		};
/* End XCConfigurationList section */
	};
	rootObject = 65A842121D6FC7F700800A06 /* Project object */;
}
